{
	"name": "escript-lsp-server",
	"version": "0.1.0",
	"lockfileVersion": 1,
	"requires": true,
	"dependencies": {
		"antlr4ts": {
			"version": "0.5.0-alpha.3",
			"resolved": "https://registry.npmjs.org/antlr4ts/-/antlr4ts-0.5.0-alpha.3.tgz",
			"integrity": "sha512-La89tKkGcHFIVuruv4Bm1esc3zLmES2NOTEwwNS1pudz+zx/0FNqQeUu9p48i9/QHKPVqjN87LB+q3buTg7oDQ=="
		},
		"doctrine": {
			"version": "file:../doctrine",
			"requires": {
				"esutils": "^2.0.2"
			},
			"dependencies": {
				"esutils": {
					"version": "2.0.3",
					"resolved": "https://registry.npmjs.org/esutils/-/esutils-2.0.3.tgz",
					"integrity": "sha512-kVscqXk4OCp68SZ0dkgEKVi6/8ij300KBWTJq32P/dYeWTSwK41WyTxalN1eRmA5Z9UU/LX9D7FWSmV9SAYx6g=="
				}
			}
		},
		"escript-antlr4": {
			"version": "0.1.7",
			"resolved": "https://registry.npmjs.org/escript-antlr4/-/escript-antlr4-0.1.7.tgz",
			"integrity": "sha512-1t8c7wjznsn8tEmUTcTdVbKrAF+EXlf6L8ocptpDl2KXrlfFyiQs908Hyeno7D0ornZLKZBMugxoUJuW9Mg9Hw=="
		},
		"escript-common": {
			"version": "file:../common",
			"requires": {
				"vscode-languageserver": "^7.0.0-next.1"
			},
			"dependencies": {
				"antlr4ts": {
					"version": "0.5.0-alpha.3",
					"resolved": "https://registry.npmjs.org/antlr4ts/-/antlr4ts-0.5.0-alpha.3.tgz",
					"integrity": "sha512-La89tKkGcHFIVuruv4Bm1esc3zLmES2NOTEwwNS1pudz+zx/0FNqQeUu9p48i9/QHKPVqjN87LB+q3buTg7oDQ=="
				},
				"vscode-jsonrpc": {
					"version": "5.1.0-next.1",
					"resolved": "https://registry.npmjs.org/vscode-jsonrpc/-/vscode-jsonrpc-5.1.0-next.1.tgz",
					"integrity": "sha512-mwLDojZkbmpizSJSmp690oa9FB9jig18SIDGZeBCvFc2/LYSRvMm/WwWtMBJuJ1MfFh7rZXfQige4Uje5Z9NzA=="
				},
				"vscode-languageserver": {
					"version": "7.0.0-next.1",
					"resolved": "https://registry.npmjs.org/vscode-languageserver/-/vscode-languageserver-7.0.0-next.1.tgz",
					"integrity": "sha512-fiyDJU8AmFIxf/+HIjxz5gV28gy/EvWpjQBp1kB9YOF5UY7WM0oxLGIIshgGOn4dhA1koQoCF5naGwPS5blVQw==",
					"requires": {
						"vscode-languageserver-protocol": "3.16.0-next.2"
					}
				},
				"vscode-languageserver-protocol": {
					"version": "3.16.0-next.2",
					"resolved": "https://registry.npmjs.org/vscode-languageserver-protocol/-/vscode-languageserver-protocol-3.16.0-next.2.tgz",
					"integrity": "sha512-atmkGT/W6tF0cx4SaWFYtFs2UeSeC28RPiap9myv2YZTaTCFvTBEPNWrU5QRKfkyM0tbgtGo6T3UCQ8tkDpjzA==",
					"requires": {
						"vscode-jsonrpc": "5.1.0-next.1",
						"vscode-languageserver-types": "3.16.0-next.1"
					}
				},
				"vscode-languageserver-types": {
					"version": "3.16.0-next.1",
					"resolved": "https://registry.npmjs.org/vscode-languageserver-types/-/vscode-languageserver-types-3.16.0-next.1.tgz",
					"integrity": "sha512-tZFUSbyjUcrh+qQf13ALX4QDdOfDX0cVaBFgy7ktJ0VwS7AW/yRKgGPSxVqqP9OCMNPdqP57O5q47w2pEwfaUg=="
				}
			}
		},
		"vscode-jsonrpc": {
			"version": "5.1.0-next.1",
			"resolved": "https://registry.npmjs.org/vscode-jsonrpc/-/vscode-jsonrpc-5.1.0-next.1.tgz",
			"integrity": "sha512-mwLDojZkbmpizSJSmp690oa9FB9jig18SIDGZeBCvFc2/LYSRvMm/WwWtMBJuJ1MfFh7rZXfQige4Uje5Z9NzA=="
		},
		"vscode-languageserver": {
			"version": "7.0.0-next.1",
			"resolved": "https://registry.npmjs.org/vscode-languageserver/-/vscode-languageserver-7.0.0-next.1.tgz",
			"integrity": "sha512-fiyDJU8AmFIxf/+HIjxz5gV28gy/EvWpjQBp1kB9YOF5UY7WM0oxLGIIshgGOn4dhA1koQoCF5naGwPS5blVQw==",
			"requires": {
				"vscode-languageserver-protocol": "3.16.0-next.2"
			}
		},
		"vscode-languageserver-protocol": {
			"version": "3.16.0-next.2",
			"resolved": "https://registry.npmjs.org/vscode-languageserver-protocol/-/vscode-languageserver-protocol-3.16.0-next.2.tgz",
			"integrity": "sha512-atmkGT/W6tF0cx4SaWFYtFs2UeSeC28RPiap9myv2YZTaTCFvTBEPNWrU5QRKfkyM0tbgtGo6T3UCQ8tkDpjzA==",
			"requires": {
				"vscode-jsonrpc": "5.1.0-next.1",
				"vscode-languageserver-types": "3.16.0-next.1"
			}
		},
		"vscode-languageserver-textdocument": {
			"version": "1.0.1",
			"resolved": "https://registry.npmjs.org/vscode-languageserver-textdocument/-/vscode-languageserver-textdocument-1.0.1.tgz",
			"integrity": "sha512-UIcJDjX7IFkck7cSkNNyzIz5FyvpQfY7sdzVy+wkKN/BLaD4DQ0ppXQrKePomCxTS7RrolK1I0pey0bG9eh8dA=="
		},
		"vscode-languageserver-types": {
			"version": "3.16.0-next.1",
			"resolved": "https://registry.npmjs.org/vscode-languageserver-types/-/vscode-languageserver-types-3.16.0-next.1.tgz",
			"integrity": "sha512-tZFUSbyjUcrh+qQf13ALX4QDdOfDX0cVaBFgy7ktJ0VwS7AW/yRKgGPSxVqqP9OCMNPdqP57O5q47w2pEwfaUg=="
		}
	}
}
